
Microsoft Visual Studio Solution File, Format Version 12.00
# Visual Studio Version 17
VisualStudioVersion = 17.14.36310.24 d17.14
MinimumVisualStudioVersion = 10.0.40219.1
Project("{FAE04EC0-301F-11D3-BF4B-00C04F79EFBC}") = "HikingTrailService.API", "HikingTrailService.API\HikingTrailService.API.csproj", "{9FB0421E-A270-453B-BEB1-1BCB920F4E75}"
EndProject
Project("{FAE04EC0-301F-11D3-BF4B-00C04F79EFBC}") = "HikingTrailService.Application", "HikingTrailService.Application\HikingTrailService.Application.csproj", "{03A98526-3A20-4897-8A6F-031F2869A0E4}"
EndProject
Project("{FAE04EC0-301F-11D3-BF4B-00C04F79EFBC}") = "HikingTrailService.Domain", "HikingTrailService.Domain\HikingTrailService.Domain.csproj", "{905EB40D-E8DA-458D-9A40-6C5CEE5F516F}"
EndProject
Project("{FAE04EC0-301F-11D3-BF4B-00C04F79EFBC}") = "HikingTrailService.Infrastructure", "HikingTrailService.Infrastructure\HikingTrailService.Infrastructure.csproj", "{56BAB0B6-9043-49E9-8D90-0D0BA2945DF0}"
EndProject
Project("{FAE04EC0-301F-11D3-BF4B-00C04F79EFBC}") = "Common.API", "..\hiking-trail-common\Common.API\Common.API.csproj", "{D4B29BFD-B83D-42C1-A38D-92591EDE7324}"
EndProject
Project("{FAE04EC0-301F-11D3-BF4B-00C04F79EFBC}") = "Common.Application", "..\hiking-trail-common\Common.Application\Common.Application.csproj", "{D1B41EFB-FF14-4F30-9637-D452A9A2CE01}"
EndProject
Project("{FAE04EC0-301F-11D3-BF4B-00C04F79EFBC}") = "Common.Domain", "..\hiking-trail-common\Common.Domain\Common.Domain.csproj", "{98B829DE-0250-4F1F-8FDF-10B2052E9F5B}"
EndProject
Project("{FAE04EC0-301F-11D3-BF4B-00C04F79EFBC}") = "Common.Infrastructure", "..\hiking-trail-common\Common.Infrastructure\Common.Infrastructure.csproj", "{7A9776B4-7A56-4CF0-9268-E87AFBACEC97}"
EndProject
Global
	GlobalSection(SolutionConfigurationPlatforms) = preSolution
		Debug|Any CPU = Debug|Any CPU
		Release|Any CPU = Release|Any CPU
	EndGlobalSection
	GlobalSection(ProjectConfigurationPlatforms) = postSolution
		{9FB0421E-A270-453B-BEB1-1BCB920F4E75}.Debug|Any CPU.ActiveCfg = Debug|Any CPU
		{9FB0421E-A270-453B-BEB1-1BCB920F4E75}.Debug|Any CPU.Build.0 = Debug|Any CPU
		{9FB0421E-A270-453B-BEB1-1BCB920F4E75}.Release|Any CPU.ActiveCfg = Release|Any CPU
		{9FB0421E-A270-453B-BEB1-1BCB920F4E75}.Release|Any CPU.Build.0 = Release|Any CPU
		{03A98526-3A20-4897-8A6F-031F2869A0E4}.Debug|Any CPU.ActiveCfg = Debug|Any CPU
		{03A98526-3A20-4897-8A6F-031F2869A0E4}.Debug|Any CPU.Build.0 = Debug|Any CPU
		{03A98526-3A20-4897-8A6F-031F2869A0E4}.Release|Any CPU.ActiveCfg = Release|Any CPU
		{03A98526-3A20-4897-8A6F-031F2869A0E4}.Release|Any CPU.Build.0 = Release|Any CPU
		{905EB40D-E8DA-458D-9A40-6C5CEE5F516F}.Debug|Any CPU.ActiveCfg = Debug|Any CPU
		{905EB40D-E8DA-458D-9A40-6C5CEE5F516F}.Debug|Any CPU.Build.0 = Debug|Any CPU
		{905EB40D-E8DA-458D-9A40-6C5CEE5F516F}.Release|Any CPU.ActiveCfg = Release|Any CPU
		{905EB40D-E8DA-458D-9A40-6C5CEE5F516F}.Release|Any CPU.Build.0 = Release|Any CPU
		{56BAB0B6-9043-49E9-8D90-0D0BA2945DF0}.Debug|Any CPU.ActiveCfg = Debug|Any CPU
		{56BAB0B6-9043-49E9-8D90-0D0BA2945DF0}.Debug|Any CPU.Build.0 = Debug|Any CPU
		{56BAB0B6-9043-49E9-8D90-0D0BA2945DF0}.Release|Any CPU.ActiveCfg = Release|Any CPU
		{56BAB0B6-9043-49E9-8D90-0D0BA2945DF0}.Release|Any CPU.Build.0 = Release|Any CPU
		{D4B29BFD-B83D-42C1-A38D-92591EDE7324}.Debug|Any CPU.ActiveCfg = Debug|Any CPU
		{D4B29BFD-B83D-42C1-A38D-92591EDE7324}.Debug|Any CPU.Build.0 = Debug|Any CPU
		{D4B29BFD-B83D-42C1-A38D-92591EDE7324}.Release|Any CPU.ActiveCfg = Release|Any CPU
		{D4B29BFD-B83D-42C1-A38D-92591EDE7324}.Release|Any CPU.Build.0 = Release|Any CPU
		{D1B41EFB-FF14-4F30-9637-D452A9A2CE01}.Debug|Any CPU.ActiveCfg = Debug|Any CPU
		{D1B41EFB-FF14-4F30-9637-D452A9A2CE01}.Debug|Any CPU.Build.0 = Debug|Any CPU
		{D1B41EFB-FF14-4F30-9637-D452A9A2CE01}.Release|Any CPU.ActiveCfg = Release|Any CPU
		{D1B41EFB-FF14-4F30-9637-D452A9A2CE01}.Release|Any CPU.Build.0 = Release|Any CPU
		{98B829DE-0250-4F1F-8FDF-10B2052E9F5B}.Debug|Any CPU.ActiveCfg = Debug|Any CPU
		{98B829DE-0250-4F1F-8FDF-10B2052E9F5B}.Debug|Any CPU.Build.0 = Debug|Any CPU
		{98B829DE-0250-4F1F-8FDF-10B2052E9F5B}.Release|Any CPU.ActiveCfg = Release|Any CPU
		{98B829DE-0250-4F1F-8FDF-10B2052E9F5B}.Release|Any CPU.Build.0 = Release|Any CPU
		{7A9776B4-7A56-4CF0-9268-E87AFBACEC97}.Debug|Any CPU.ActiveCfg = Debug|Any CPU
		{7A9776B4-7A56-4CF0-9268-E87AFBACEC97}.Debug|Any CPU.Build.0 = Debug|Any CPU
		{7A9776B4-7A56-4CF0-9268-E87AFBACEC97}.Release|Any CPU.ActiveCfg = Release|Any CPU
		{7A9776B4-7A56-4CF0-9268-E87AFBACEC97}.Release|Any CPU.Build.0 = Release|Any CPU
	EndGlobalSection
	GlobalSection(SolutionProperties) = preSolution
		HideSolutionNode = FALSE
	EndGlobalSection
	GlobalSection(ExtensibilityGlobals) = postSolution
		SolutionGuid = {47842DD4-1E7D-4A9E-9531-7835CFBACD9D}
	EndGlobalSection
EndGlobal
